// !$*UTF8*$!
{
	archiveVersion = 1;
	classes = {
	};
	objectVersion = 56;
	objects = {

/* Begin PBXBuildFile section */
		5606311E29015F3D003EDEEF /* WidgetKit.framework in Frameworks */ = {isa = PBXBuildFile; fileRef = 5606311D29015F3D003EDEEF /* WidgetKit.framework */; };
		5606312029015F3D003EDEEF /* SwiftUI.framework in Frameworks */ = {isa = PBXBuildFile; fileRef = 5606311F29015F3D003EDEEF /* SwiftUI.framework */; };
		5606312329015F3D003EDEEF /* WalklyWidget.swift in Sources */ = {isa = PBXBuildFile; fileRef = 5606312229015F3D003EDEEF /* WalklyWidget.swift */; };
		5606312629015F3E003EDEEF /* Assets.xcassets in Resources */ = {isa = PBXBuildFile; fileRef = 5606312529015F3E003EDEEF /* Assets.xcassets */; };
		5606312C29015F3E003EDEEF /* WalklyWidgetExtension.appex in Embed Foundation Extensions */ = {isa = PBXBuildFile; fileRef = 5606311B29015F3D003EDEEF /* WalklyWidgetExtension.appex */; settings = {ATTRIBUTES = (RemoveHeadersOnCopy, ); }; };
		5606313629016231003EDEEF /* ChartView.swift in Sources */ = {isa = PBXBuildFile; fileRef = 5606313129016231003EDEEF /* ChartView.swift */; };
		5606313729016231003EDEEF /* GaugeView.swift in Sources */ = {isa = PBXBuildFile; fileRef = 5606313229016231003EDEEF /* GaugeView.swift */; };
		5606313829016231003EDEEF /* Util.swift in Sources */ = {isa = PBXBuildFile; fileRef = 5606313329016231003EDEEF /* Util.swift */; };
		5606313929016231003EDEEF /* ViewModel.swift in Sources */ = {isa = PBXBuildFile; fileRef = 5606313429016231003EDEEF /* ViewModel.swift */; };
		5606313A29016231003EDEEF /* HealthModel.swift in Sources */ = {isa = PBXBuildFile; fileRef = 5606313529016231003EDEEF /* HealthModel.swift */; };
		5606313D29016358003EDEEF /* AppDefaults.swift in Sources */ = {isa = PBXBuildFile; fileRef = 5606313C29016358003EDEEF /* AppDefaults.swift */; };
		5606313E2901636B003EDEEF /* HealthModel.swift in Sources */ = {isa = PBXBuildFile; fileRef = 5606313529016231003EDEEF /* HealthModel.swift */; };
		5606313F29016376003EDEEF /* AppDefaults.swift in Sources */ = {isa = PBXBuildFile; fileRef = 5606313C29016358003EDEEF /* AppDefaults.swift */; };
		560631402901637F003EDEEF /* Util.swift in Sources */ = {isa = PBXBuildFile; fileRef = 5606313329016231003EDEEF /* Util.swift */; };
		561D36082920765000189794 /* WalklyWidget.intentdefinition in Sources */ = {isa = PBXBuildFile; fileRef = 561D360B2920765000189794 /* WalklyWidget.intentdefinition */; };
		561D36092920765000189794 /* WalklyWidget.intentdefinition in Sources */ = {isa = PBXBuildFile; fileRef = 561D360B2920765000189794 /* WalklyWidget.intentdefinition */; };
		5662ED9629015D1700D59992 /* WalklyApp.swift in Sources */ = {isa = PBXBuildFile; fileRef = 5662ED9529015D1700D59992 /* WalklyApp.swift */; };
		5662ED9829015D1700D59992 /* ContentView.swift in Sources */ = {isa = PBXBuildFile; fileRef = 5662ED9729015D1700D59992 /* ContentView.swift */; };
		5662ED9A29015D1800D59992 /* Assets.xcassets in Resources */ = {isa = PBXBuildFile; fileRef = 5662ED9929015D1800D59992 /* Assets.xcassets */; };
		5662ED9D29015D1800D59992 /* Preview Assets.xcassets in Resources */ = {isa = PBXBuildFile; fileRef = 5662ED9C29015D1800D59992 /* Preview Assets.xcassets */; };
		5688771E2917B7E500446845 /* InfoPlist.strings in Resources */ = {isa = PBXBuildFile; fileRef = 568877212917B7E500446845 /* InfoPlist.strings */; };
		5688771F2917B7E500446845 /* InfoPlist.strings in Resources */ = {isa = PBXBuildFile; fileRef = 568877212917B7E500446845 /* InfoPlist.strings */; };
		569C80E12917407E002FD916 /* AppIconView.swift in Sources */ = {isa = PBXBuildFile; fileRef = 569C80E02917407E002FD916 /* AppIconView.swift */; };
		56A2F9AF2916273D0067A6C3 /* Localizable.strings in Resources */ = {isa = PBXBuildFile; fileRef = 56A2F9B22916273D0067A6C3 /* Localizable.strings */; };
		56A2F9B02916273D0067A6C3 /* Localizable.strings in Resources */ = {isa = PBXBuildFile; fileRef = 56A2F9B22916273D0067A6C3 /* Localizable.strings */; };
		56C6B7CA29134244006141EA /* HealthAsyncModel.swift in Sources */ = {isa = PBXBuildFile; fileRef = 56C6B7C929134244006141EA /* HealthAsyncModel.swift */; };
		56C6B7CB29134244006141EA /* HealthAsyncModel.swift in Sources */ = {isa = PBXBuildFile; fileRef = 56C6B7C929134244006141EA /* HealthAsyncModel.swift */; };
		56C6B7CE29134873006141EA /* GaugeView.swift in Sources */ = {isa = PBXBuildFile; fileRef = 5606313229016231003EDEEF /* GaugeView.swift */; };
		56E38E182907EDF900BA7473 /* ChartView.swift in Sources */ = {isa = PBXBuildFile; fileRef = 5606313129016231003EDEEF /* ChartView.swift */; };
/* End PBXBuildFile section */

/* Begin PBXContainerItemProxy section */
		5606312A29015F3E003EDEEF /* PBXContainerItemProxy */ = {
			isa = PBXContainerItemProxy;
			containerPortal = 5662ED8A29015D1700D59992 /* Project object */;
			proxyType = 1;
			remoteGlobalIDString = 5606311A29015F3D003EDEEF;
			remoteInfo = WalklyWidgetExtension;
		};
/* End PBXContainerItemProxy section */

/* Begin PBXCopyFilesBuildPhase section */
		5606312D29015F3E003EDEEF /* Embed Foundation Extensions */ = {
			isa = PBXCopyFilesBuildPhase;
			buildActionMask = 2147483647;
			dstPath = "";
			dstSubfolderSpec = 13;
			files = (
				5606312C29015F3E003EDEEF /* WalklyWidgetExtension.appex in Embed Foundation Extensions */,
			);
			name = "Embed Foundation Extensions";
			runOnlyForDeploymentPostprocessing = 0;
		};
/* End PBXCopyFilesBuildPhase section */

/* Begin PBXFileReference section */
		5606311B29015F3D003EDEEF /* WalklyWidgetExtension.appex */ = {isa = PBXFileReference; explicitFileType = "wrapper.app-extension"; includeInIndex = 0; path = WalklyWidgetExtension.appex; sourceTree = BUILT_PRODUCTS_DIR; };
		5606311D29015F3D003EDEEF /* WidgetKit.framework */ = {isa = PBXFileReference; lastKnownFileType = wrapper.framework; name = WidgetKit.framework; path = System/Library/Frameworks/WidgetKit.framework; sourceTree = SDKROOT; };
		5606311F29015F3D003EDEEF /* SwiftUI.framework */ = {isa = PBXFileReference; lastKnownFileType = wrapper.framework; name = SwiftUI.framework; path = System/Library/Frameworks/SwiftUI.framework; sourceTree = SDKROOT; };
		5606312229015F3D003EDEEF /* WalklyWidget.swift */ = {isa = PBXFileReference; lastKnownFileType = sourcecode.swift; path = WalklyWidget.swift; sourceTree = "<group>"; };
		5606312529015F3E003EDEEF /* Assets.xcassets */ = {isa = PBXFileReference; lastKnownFileType = folder.assetcatalog; path = Assets.xcassets; sourceTree = "<group>"; };
		5606312729015F3E003EDEEF /* Info.plist */ = {isa = PBXFileReference; lastKnownFileType = text.plist.xml; path = Info.plist; sourceTree = "<group>"; };
		5606313129016231003EDEEF /* ChartView.swift */ = {isa = PBXFileReference; fileEncoding = 4; lastKnownFileType = sourcecode.swift; path = ChartView.swift; sourceTree = "<group>"; };
		5606313229016231003EDEEF /* GaugeView.swift */ = {isa = PBXFileReference; fileEncoding = 4; lastKnownFileType = sourcecode.swift; path = GaugeView.swift; sourceTree = "<group>"; };
		5606313329016231003EDEEF /* Util.swift */ = {isa = PBXFileReference; fileEncoding = 4; lastKnownFileType = sourcecode.swift; path = Util.swift; sourceTree = "<group>"; };
		5606313429016231003EDEEF /* ViewModel.swift */ = {isa = PBXFileReference; fileEncoding = 4; lastKnownFileType = sourcecode.swift; path = ViewModel.swift; sourceTree = "<group>"; };
		5606313529016231003EDEEF /* HealthModel.swift */ = {isa = PBXFileReference; fileEncoding = 4; lastKnownFileType = sourcecode.swift; path = HealthModel.swift; sourceTree = "<group>"; };
		5606313B2901630F003EDEEF /* Walkly.entitlements */ = {isa = PBXFileReference; lastKnownFileType = text.plist.entitlements; path = Walkly.entitlements; sourceTree = "<group>"; };
		5606313C29016358003EDEEF /* AppDefaults.swift */ = {isa = PBXFileReference; fileEncoding = 4; lastKnownFileType = sourcecode.swift; path = AppDefaults.swift; sourceTree = "<group>"; };
		56063141290163FF003EDEEF /* WalklyWidgetExtension.entitlements */ = {isa = PBXFileReference; lastKnownFileType = text.plist.entitlements; path = WalklyWidgetExtension.entitlements; sourceTree = "<group>"; };
		56063142290164D4003EDEEF /* Info.plist */ = {isa = PBXFileReference; lastKnownFileType = text.plist; path = Info.plist; sourceTree = "<group>"; };
		561D360A2920765000189794 /* Base */ = {isa = PBXFileReference; lastKnownFileType = file.intentdefinition; name = Base; path = Base.lproj/WalklyWidget.intentdefinition; sourceTree = "<group>"; };
		561D360D292078F800189794 /* en */ = {isa = PBXFileReference; lastKnownFileType = text.plist.strings; name = en; path = en.lproj/WalklyWidget.strings; sourceTree = "<group>"; };
		561D360F292078FC00189794 /* ja */ = {isa = PBXFileReference; lastKnownFileType = text.plist.strings; name = ja; path = ja.lproj/WalklyWidget.strings; sourceTree = "<group>"; };
		5662ED9229015D1700D59992 /* Walkly.app */ = {isa = PBXFileReference; explicitFileType = wrapper.application; includeInIndex = 0; path = Walkly.app; sourceTree = BUILT_PRODUCTS_DIR; };
		5662ED9529015D1700D59992 /* WalklyApp.swift */ = {isa = PBXFileReference; lastKnownFileType = sourcecode.swift; path = WalklyApp.swift; sourceTree = "<group>"; };
		5662ED9729015D1700D59992 /* ContentView.swift */ = {isa = PBXFileReference; lastKnownFileType = sourcecode.swift; path = ContentView.swift; sourceTree = "<group>"; };
		5662ED9929015D1800D59992 /* Assets.xcassets */ = {isa = PBXFileReference; lastKnownFileType = folder.assetcatalog; path = Assets.xcassets; sourceTree = "<group>"; };
		5662ED9C29015D1800D59992 /* Preview Assets.xcassets */ = {isa = PBXFileReference; lastKnownFileType = folder.assetcatalog; path = "Preview Assets.xcassets"; sourceTree = "<group>"; };
		568877202917B7E500446845 /* en */ = {isa = PBXFileReference; lastKnownFileType = text.plist.strings; name = en; path = en.lproj/InfoPlist.strings; sourceTree = "<group>"; };
		568877222917B7F100446845 /* ja */ = {isa = PBXFileReference; lastKnownFileType = text.plist.strings; name = ja; path = ja.lproj/InfoPlist.strings; sourceTree = "<group>"; };
		569C80E02917407E002FD916 /* AppIconView.swift */ = {isa = PBXFileReference; fileEncoding = 4; lastKnownFileType = sourcecode.swift; path = AppIconView.swift; sourceTree = "<group>"; };
		56A2F9B12916273D0067A6C3 /* en */ = {isa = PBXFileReference; lastKnownFileType = text.plist.strings; name = en; path = en.lproj/Localizable.strings; sourceTree = "<group>"; };
		56A2F9B32916274B0067A6C3 /* ja */ = {isa = PBXFileReference; lastKnownFileType = text.plist.strings; name = ja; path = ja.lproj/Localizable.strings; sourceTree = "<group>"; };
		56C6B7C929134244006141EA /* HealthAsyncModel.swift */ = {isa = PBXFileReference; lastKnownFileType = sourcecode.swift; path = HealthAsyncModel.swift; sourceTree = "<group>"; };
/* End PBXFileReference section */

/* Begin PBXFrameworksBuildPhase section */
		5606311829015F3D003EDEEF /* Frameworks */ = {
			isa = PBXFrameworksBuildPhase;
			buildActionMask = 2147483647;
			files = (
				5606312029015F3D003EDEEF /* SwiftUI.framework in Frameworks */,
				5606311E29015F3D003EDEEF /* WidgetKit.framework in Frameworks */,
			);
			runOnlyForDeploymentPostprocessing = 0;
		};
		5662ED8F29015D1700D59992 /* Frameworks */ = {
			isa = PBXFrameworksBuildPhase;
			buildActionMask = 2147483647;
			files = (
			);
			runOnlyForDeploymentPostprocessing = 0;
		};
/* End PBXFrameworksBuildPhase section */

/* Begin PBXGroup section */
		5606311C29015F3D003EDEEF /* Frameworks */ = {
			isa = PBXGroup;
			children = (
				5606311D29015F3D003EDEEF /* WidgetKit.framework */,
				5606311F29015F3D003EDEEF /* SwiftUI.framework */,
			);
			name = Frameworks;
			sourceTree = "<group>";
		};
		5606312129015F3D003EDEEF /* WalklyWidget */ = {
			isa = PBXGroup;
			children = (
				5606312229015F3D003EDEEF /* WalklyWidget.swift */,
				561D360B2920765000189794 /* WalklyWidget.intentdefinition */,
				5606312529015F3E003EDEEF /* Assets.xcassets */,
				5606312729015F3E003EDEEF /* Info.plist */,
			);
			path = WalklyWidget;
			sourceTree = "<group>";
		};
		5662ED8929015D1700D59992 = {
			isa = PBXGroup;
			children = (
				56063141290163FF003EDEEF /* WalklyWidgetExtension.entitlements */,
				5606311C29015F3D003EDEEF /* Frameworks */,
				5662ED9329015D1700D59992 /* Products */,
				5662ED9429015D1700D59992 /* Walkly */,
				5606312129015F3D003EDEEF /* WalklyWidget */,
			);
			sourceTree = "<group>";
		};
		5662ED9329015D1700D59992 /* Products */ = {
			isa = PBXGroup;
			children = (
				5662ED9229015D1700D59992 /* Walkly.app */,
				5606311B29015F3D003EDEEF /* WalklyWidgetExtension.appex */,
			);
			name = Products;
			sourceTree = "<group>";
		};
		5662ED9429015D1700D59992 /* Walkly */ = {
			isa = PBXGroup;
			children = (
				5606313B2901630F003EDEEF /* Walkly.entitlements */,
				56063142290164D4003EDEEF /* Info.plist */,
				5662ED9729015D1700D59992 /* ContentView.swift */,
				5606313429016231003EDEEF /* ViewModel.swift */,
				5662ED9529015D1700D59992 /* WalklyApp.swift */,
				5662ED9929015D1800D59992 /* Assets.xcassets */,
				56C6B7CC29134843006141EA /* Model */,
				5662ED9B29015D1800D59992 /* Preview Content */,
				56C6B7CF291348A8006141EA /* Util */,
				56C6B7CD2913484E006141EA /* ViewComponent */,
				56A2F9B22916273D0067A6C3 /* Localizable.strings */,
				568877212917B7E500446845 /* InfoPlist.strings */,
			);
			path = Walkly;
			sourceTree = "<group>";
		};
		5662ED9B29015D1800D59992 /* Preview Content */ = {
			isa = PBXGroup;
			children = (
				5662ED9C29015D1800D59992 /* Preview Assets.xcassets */,
			);
			path = "Preview Content";
			sourceTree = "<group>";
		};
		56C6B7CC29134843006141EA /* Model */ = {
			isa = PBXGroup;
			children = (
				5606313529016231003EDEEF /* HealthModel.swift */,
				56C6B7C929134244006141EA /* HealthAsyncModel.swift */,
			);
			path = Model;
			sourceTree = "<group>";
		};
		56C6B7CD2913484E006141EA /* ViewComponent */ = {
			isa = PBXGroup;
			children = (
				569C80E02917407E002FD916 /* AppIconView.swift */,
				5606313129016231003EDEEF /* ChartView.swift */,
				5606313229016231003EDEEF /* GaugeView.swift */,
			);
			path = ViewComponent;
			sourceTree = "<group>";
		};
		56C6B7CF291348A8006141EA /* Util */ = {
			isa = PBXGroup;
			children = (
				5606313C29016358003EDEEF /* AppDefaults.swift */,
				5606313329016231003EDEEF /* Util.swift */,
			);
			path = Util;
			sourceTree = "<group>";
		};
/* End PBXGroup section */

/* Begin PBXNativeTarget section */
		5606311A29015F3D003EDEEF /* WalklyWidgetExtension */ = {
			isa = PBXNativeTarget;
			buildConfigurationList = 5606313029015F3E003EDEEF /* Build configuration list for PBXNativeTarget "WalklyWidgetExtension" */;
			buildPhases = (
				5606311729015F3D003EDEEF /* Sources */,
				5606311829015F3D003EDEEF /* Frameworks */,
				5606311929015F3D003EDEEF /* Resources */,
			);
			buildRules = (
			);
			dependencies = (
			);
			name = WalklyWidgetExtension;
			productName = WalklyWidgetExtension;
			productReference = 5606311B29015F3D003EDEEF /* WalklyWidgetExtension.appex */;
			productType = "com.apple.product-type.app-extension";
		};
		5662ED9129015D1700D59992 /* Walkly */ = {
			isa = PBXNativeTarget;
			buildConfigurationList = 5662EDA029015D1800D59992 /* Build configuration list for PBXNativeTarget "Walkly" */;
			buildPhases = (
				5662ED8E29015D1700D59992 /* Sources */,
				5662ED8F29015D1700D59992 /* Frameworks */,
				5662ED9029015D1700D59992 /* Resources */,
				5606312D29015F3E003EDEEF /* Embed Foundation Extensions */,
			);
			buildRules = (
			);
			dependencies = (
				5606312B29015F3E003EDEEF /* PBXTargetDependency */,
			);
			name = Walkly;
			productName = Walkly;
			productReference = 5662ED9229015D1700D59992 /* Walkly.app */;
			productType = "com.apple.product-type.application";
		};
/* End PBXNativeTarget section */

/* Begin PBXProject section */
		5662ED8A29015D1700D59992 /* Project object */ = {
			isa = PBXProject;
			attributes = {
				BuildIndependentTargetsInParallel = 1;
				LastSwiftUpdateCheck = 1400;
				LastUpgradeCheck = 1410;
				TargetAttributes = {
					5606311A29015F3D003EDEEF = {
						CreatedOnToolsVersion = 14.0.1;
					};
					5662ED9129015D1700D59992 = {
						CreatedOnToolsVersion = 14.0.1;
					};
				};
			};
			buildConfigurationList = 5662ED8D29015D1700D59992 /* Build configuration list for PBXProject "Walkly" */;
			compatibilityVersion = "Xcode 14.0";
			developmentRegion = en;
			hasScannedForEncodings = 0;
			knownRegions = (
				en,
				ja,
				Base,
			);
			mainGroup = 5662ED8929015D1700D59992;
			productRefGroup = 5662ED9329015D1700D59992 /* Products */;
			projectDirPath = "";
			projectRoot = "";
			targets = (
				5662ED9129015D1700D59992 /* Walkly */,
				5606311A29015F3D003EDEEF /* WalklyWidgetExtension */,
			);
		};
/* End PBXProject section */

/* Begin PBXResourcesBuildPhase section */
		5606311929015F3D003EDEEF /* Resources */ = {
			isa = PBXResourcesBuildPhase;
			buildActionMask = 2147483647;
			files = (
				5606312629015F3E003EDEEF /* Assets.xcassets in Resources */,
				5688771F2917B7E500446845 /* InfoPlist.strings in Resources */,
				56A2F9B02916273D0067A6C3 /* Localizable.strings in Resources */,
			);
			runOnlyForDeploymentPostprocessing = 0;
		};
		5662ED9029015D1700D59992 /* Resources */ = {
			isa = PBXResourcesBuildPhase;
			buildActionMask = 2147483647;
			files = (
				5662ED9D29015D1800D59992 /* Preview Assets.xcassets in Resources */,
				5688771E2917B7E500446845 /* InfoPlist.strings in Resources */,
				56A2F9AF2916273D0067A6C3 /* Localizable.strings in Resources */,
				5662ED9A29015D1800D59992 /* Assets.xcassets in Resources */,
			);
			runOnlyForDeploymentPostprocessing = 0;
		};
/* End PBXResourcesBuildPhase section */

/* Begin PBXSourcesBuildPhase section */
		5606311729015F3D003EDEEF /* Sources */ = {
			isa = PBXSourcesBuildPhase;
			buildActionMask = 2147483647;
			files = (
				561D36092920765000189794 /* WalklyWidget.intentdefinition in Sources */,
				56C6B7CE29134873006141EA /* GaugeView.swift in Sources */,
				56C6B7CB29134244006141EA /* HealthAsyncModel.swift in Sources */,
				5606313F29016376003EDEEF /* AppDefaults.swift in Sources */,
				560631402901637F003EDEEF /* Util.swift in Sources */,
				5606313E2901636B003EDEEF /* HealthModel.swift in Sources */,
				5606312329015F3D003EDEEF /* WalklyWidget.swift in Sources */,
				56E38E182907EDF900BA7473 /* ChartView.swift in Sources */,
			);
			runOnlyForDeploymentPostprocessing = 0;
		};
		5662ED8E29015D1700D59992 /* Sources */ = {
			isa = PBXSourcesBuildPhase;
			buildActionMask = 2147483647;
			files = (
				56C6B7CA29134244006141EA /* HealthAsyncModel.swift in Sources */,
				561D36082920765000189794 /* WalklyWidget.intentdefinition in Sources */,
				5606313829016231003EDEEF /* Util.swift in Sources */,
				5606313D29016358003EDEEF /* AppDefaults.swift in Sources */,
				5606313729016231003EDEEF /* GaugeView.swift in Sources */,
				5606313A29016231003EDEEF /* HealthModel.swift in Sources */,
				5662ED9829015D1700D59992 /* ContentView.swift in Sources */,
				5662ED9629015D1700D59992 /* WalklyApp.swift in Sources */,
				5606313629016231003EDEEF /* ChartView.swift in Sources */,
				5606313929016231003EDEEF /* ViewModel.swift in Sources */,
				569C80E12917407E002FD916 /* AppIconView.swift in Sources */,
			);
			runOnlyForDeploymentPostprocessing = 0;
		};
/* End PBXSourcesBuildPhase section */

/* Begin PBXTargetDependency section */
		5606312B29015F3E003EDEEF /* PBXTargetDependency */ = {
			isa = PBXTargetDependency;
			target = 5606311A29015F3D003EDEEF /* WalklyWidgetExtension */;
			targetProxy = 5606312A29015F3E003EDEEF /* PBXContainerItemProxy */;
		};
/* End PBXTargetDependency section */

/* Begin PBXVariantGroup section */
		561D360B2920765000189794 /* WalklyWidget.intentdefinition */ = {
			isa = PBXVariantGroup;
			children = (
				561D360A2920765000189794 /* Base */,
				561D360D292078F800189794 /* en */,
				561D360F292078FC00189794 /* ja */,
			);
			name = WalklyWidget.intentdefinition;
			sourceTree = "<group>";
		};
		568877212917B7E500446845 /* InfoPlist.strings */ = {
			isa = PBXVariantGroup;
			children = (
				568877202917B7E500446845 /* en */,
				568877222917B7F100446845 /* ja */,
			);
			name = InfoPlist.strings;
			sourceTree = "<group>";
		};
		56A2F9B22916273D0067A6C3 /* Localizable.strings */ = {
			isa = PBXVariantGroup;
			children = (
				56A2F9B12916273D0067A6C3 /* en */,
				56A2F9B32916274B0067A6C3 /* ja */,
			);
			name = Localizable.strings;
			sourceTree = "<group>";
		};
/* End PBXVariantGroup section */

/* Begin XCBuildConfiguration section */
		5606312E29015F3E003EDEEF /* Debug */ = {
			isa = XCBuildConfiguration;
			buildSettings = {
				ASSETCATALOG_COMPILER_GLOBAL_ACCENT_COLOR_NAME = AccentColor;
				ASSETCATALOG_COMPILER_WIDGET_BACKGROUND_COLOR_NAME = WidgetBackground;
				CODE_SIGN_ENTITLEMENTS = WalklyWidgetExtension.entitlements;
				CODE_SIGN_STYLE = Automatic;
				CURRENT_PROJECT_VERSION = 2;
				DEVELOPMENT_TEAM = 358F964YVR;
				GENERATE_INFOPLIST_FILE = YES;
				INFOPLIST_FILE = WalklyWidget/Info.plist;
				INFOPLIST_KEY_CFBundleDisplayName = WalklyWidget;
				INFOPLIST_KEY_NSHumanReadableCopyright = "";
				LD_RUNPATH_SEARCH_PATHS = (
					"$(inherited)",
					"@executable_path/Frameworks",
					"@executable_path/../../Frameworks",
				);
				MARKETING_VERSION = 1.0.1;
				PRODUCT_BUNDLE_IDENTIFIER = jp.yuppe.Walkly.WalklyWidget;
				PRODUCT_NAME = "$(TARGET_NAME)";
				SKIP_INSTALL = YES;
				SWIFT_EMIT_LOC_STRINGS = YES;
				SWIFT_VERSION = 5.0;
				TARGETED_DEVICE_FAMILY = 1;
			};
			name = Debug;
		};
		5606312F29015F3E003EDEEF /* Release */ = {
			isa = XCBuildConfiguration;
			buildSettings = {
				ASSETCATALOG_COMPILER_GLOBAL_ACCENT_COLOR_NAME = AccentColor;
				ASSETCATALOG_COMPILER_WIDGET_BACKGROUND_COLOR_NAME = WidgetBackground;
				CODE_SIGN_ENTITLEMENTS = WalklyWidgetExtension.entitlements;
				CODE_SIGN_STYLE = Automatic;
				CURRENT_PROJECT_VERSION = 2;
				DEVELOPMENT_TEAM = 358F964YVR;
				GENERATE_INFOPLIST_FILE = YES;
				INFOPLIST_FILE = WalklyWidget/Info.plist;
				INFOPLIST_KEY_CFBundleDisplayName = WalklyWidget;
				INFOPLIST_KEY_NSHumanReadableCopyright = "";
				LD_RUNPATH_SEARCH_PATHS = (
					"$(inherited)",
					"@executable_path/Frameworks",
					"@executable_path/../../Frameworks",
				);
				MARKETING_VERSION = 1.0.1;
				PRODUCT_BUNDLE_IDENTIFIER = jp.yuppe.Walkly.WalklyWidget;
				PRODUCT_NAME = "$(TARGET_NAME)";
				SKIP_INSTALL = YES;
				SWIFT_EMIT_LOC_STRINGS = YES;
				SWIFT_VERSION = 5.0;
				TARGETED_DEVICE_FAMILY = 1;
			};
			name = Release;
		};
		5662ED9E29015D1800D59992 /* Debug */ = {
			isa = XCBuildConfiguration;
			buildSettings = {
				ALWAYS_SEARCH_USER_PATHS = NO;
				CLANG_ANALYZER_LOCALIZABILITY_NONLOCALIZED = YES;
				CLANG_ANALYZER_NONNULL = YES;
				CLANG_ANALYZER_NUMBER_OBJECT_CONVERSION = YES_AGGRESSIVE;
				CLANG_CXX_LANGUAGE_STANDARD = "gnu++20";
				CLANG_ENABLE_MODULES = YES;
				CLANG_ENABLE_OBJC_ARC = YES;
				CLANG_ENABLE_OBJC_WEAK = YES;
				CLANG_WARN_BLOCK_CAPTURE_AUTORELEASING = YES;
				CLANG_WARN_BOOL_CONVERSION = YES;
				CLANG_WARN_COMMA = YES;
				CLANG_WARN_CONSTANT_CONVERSION = YES;
				CLANG_WARN_DEPRECATED_OBJC_IMPLEMENTATIONS = YES;
				CLANG_WARN_DIRECT_OBJC_ISA_USAGE = YES_ERROR;
				CLANG_WARN_DOCUMENTATION_COMMENTS = YES;
				CLANG_WARN_EMPTY_BODY = YES;
				CLANG_WARN_ENUM_CONVERSION = YES;
				CLANG_WARN_INFINITE_RECURSION = YES;
				CLANG_WARN_INT_CONVERSION = YES;
				CLANG_WARN_NON_LITERAL_NULL_CONVERSION = YES;
				CLANG_WARN_OBJC_IMPLICIT_RETAIN_SELF = YES;
				CLANG_WARN_OBJC_LITERAL_CONVERSION = YES;
				CLANG_WARN_OBJC_ROOT_CLASS = YES_ERROR;
				CLANG_WARN_QUOTED_INCLUDE_IN_FRAMEWORK_HEADER = YES;
				CLANG_WARN_RANGE_LOOP_ANALYSIS = YES;
				CLANG_WARN_STRICT_PROTOTYPES = YES;
				CLANG_WARN_SUSPICIOUS_MOVE = YES;
				CLANG_WARN_UNGUARDED_AVAILABILITY = YES_AGGRESSIVE;
				CLANG_WARN_UNREACHABLE_CODE = YES;
				CLANG_WARN__DUPLICATE_METHOD_MATCH = YES;
				COPY_PHASE_STRIP = NO;
				DEBUG_INFORMATION_FORMAT = dwarf;
				ENABLE_STRICT_OBJC_MSGSEND = YES;
				ENABLE_TESTABILITY = YES;
				GCC_C_LANGUAGE_STANDARD = gnu11;
				GCC_DYNAMIC_NO_PIC = NO;
				GCC_NO_COMMON_BLOCKS = YES;
				GCC_OPTIMIZATION_LEVEL = 0;
				GCC_PREPROCESSOR_DEFINITIONS = (
					"DEBUG=1",
					"$(inherited)",
				);
				GCC_WARN_64_TO_32_BIT_CONVERSION = YES;
				GCC_WARN_ABOUT_RETURN_TYPE = YES_ERROR;
				GCC_WARN_UNDECLARED_SELECTOR = YES;
				GCC_WARN_UNINITIALIZED_AUTOS = YES_AGGRESSIVE;
				GCC_WARN_UNUSED_FUNCTION = YES;
				GCC_WARN_UNUSED_VARIABLE = YES;
				IPHONEOS_DEPLOYMENT_TARGET = 16.0;
				MTL_ENABLE_DEBUG_INFO = INCLUDE_SOURCE;
				MTL_FAST_MATH = YES;
				ONLY_ACTIVE_ARCH = YES;
				SDKROOT = iphoneos;
				SWIFT_ACTIVE_COMPILATION_CONDITIONS = DEBUG;
				SWIFT_OPTIMIZATION_LEVEL = "-Onone";
			};
			name = Debug;
		};
		5662ED9F29015D1800D59992 /* Release */ = {
			isa = XCBuildConfiguration;
			buildSettings = {
				ALWAYS_SEARCH_USER_PATHS = NO;
				CLANG_ANALYZER_LOCALIZABILITY_NONLOCALIZED = YES;
				CLANG_ANALYZER_NONNULL = YES;
				CLANG_ANALYZER_NUMBER_OBJECT_CONVERSION = YES_AGGRESSIVE;
				CLANG_CXX_LANGUAGE_STANDARD = "gnu++20";
				CLANG_ENABLE_MODULES = YES;
				CLANG_ENABLE_OBJC_ARC = YES;
				CLANG_ENABLE_OBJC_WEAK = YES;
				CLANG_WARN_BLOCK_CAPTURE_AUTORELEASING = YES;
				CLANG_WARN_BOOL_CONVERSION = YES;
				CLANG_WARN_COMMA = YES;
				CLANG_WARN_CONSTANT_CONVERSION = YES;
				CLANG_WARN_DEPRECATED_OBJC_IMPLEMENTATIONS = YES;
				CLANG_WARN_DIRECT_OBJC_ISA_USAGE = YES_ERROR;
				CLANG_WARN_DOCUMENTATION_COMMENTS = YES;
				CLANG_WARN_EMPTY_BODY = YES;
				CLANG_WARN_ENUM_CONVERSION = YES;
				CLANG_WARN_INFINITE_RECURSION = YES;
				CLANG_WARN_INT_CONVERSION = YES;
				CLANG_WARN_NON_LITERAL_NULL_CONVERSION = YES;
				CLANG_WARN_OBJC_IMPLICIT_RETAIN_SELF = YES;
				CLANG_WARN_OBJC_LITERAL_CONVERSION = YES;
				CLANG_WARN_OBJC_ROOT_CLASS = YES_ERROR;
				CLANG_WARN_QUOTED_INCLUDE_IN_FRAMEWORK_HEADER = YES;
				CLANG_WARN_RANGE_LOOP_ANALYSIS = YES;
				CLANG_WARN_STRICT_PROTOTYPES = YES;
				CLANG_WARN_SUSPICIOUS_MOVE = YES;
				CLANG_WARN_UNGUARDED_AVAILABILITY = YES_AGGRESSIVE;
				CLANG_WARN_UNREACHABLE_CODE = YES;
				CLANG_WARN__DUPLICATE_METHOD_MATCH = YES;
				COPY_PHASE_STRIP = NO;
				DEBUG_INFORMATION_FORMAT = "dwarf-with-dsym";
				ENABLE_NS_ASSERTIONS = NO;
				ENABLE_STRICT_OBJC_MSGSEND = YES;
				GCC_C_LANGUAGE_STANDARD = gnu11;
				GCC_NO_COMMON_BLOCKS = YES;
				GCC_WARN_64_TO_32_BIT_CONVERSION = YES;
				GCC_WARN_ABOUT_RETURN_TYPE = YES_ERROR;
				GCC_WARN_UNDECLARED_SELECTOR = YES;
				GCC_WARN_UNINITIALIZED_AUTOS = YES_AGGRESSIVE;
				GCC_WARN_UNUSED_FUNCTION = YES;
				GCC_WARN_UNUSED_VARIABLE = YES;
				IPHONEOS_DEPLOYMENT_TARGET = 16.0;
				MTL_ENABLE_DEBUG_INFO = NO;
				MTL_FAST_MATH = YES;
				SDKROOT = iphoneos;
				SWIFT_COMPILATION_MODE = wholemodule;
				SWIFT_OPTIMIZATION_LEVEL = "-O";
				VALIDATE_PRODUCT = YES;
			};
			name = Release;
		};
		5662EDA129015D1800D59992 /* Debug */ = {
			isa = XCBuildConfiguration;
			buildSettings = {
				ALWAYS_EMBED_SWIFT_STANDARD_LIBRARIES = YES;
				ASSETCATALOG_COMPILER_APPICON_NAME = AppIcon;
				ASSETCATALOG_COMPILER_GLOBAL_ACCENT_COLOR_NAME = AccentColor;
				CODE_SIGN_ENTITLEMENTS = Walkly/Walkly.entitlements;
				CODE_SIGN_STYLE = Automatic;
				CURRENT_PROJECT_VERSION = 2;
				DEVELOPMENT_ASSET_PATHS = "\"Walkly/Preview Content\"";
				DEVELOPMENT_TEAM = 358F964YVR;
				ENABLE_PREVIEWS = YES;
				GENERATE_INFOPLIST_FILE = YES;
				INFOPLIST_FILE = Walkly/Info.plist;
				INFOPLIST_KEY_LSApplicationCategoryType = "public.app-category.healthcare-fitness";
				INFOPLIST_KEY_NSHealthShareUsageDescription = "This app uses HealthKit to get information related to steps. The acquired information is used only for the purpose of displaying in this application and is not shared with other applications.";
				INFOPLIST_KEY_NSHealthUpdateUsageDescription = "This app shares information related to steps with HealthKit. It is never shared with other apps.";
				INFOPLIST_KEY_UIApplicationSceneManifest_Generation = YES;
				INFOPLIST_KEY_UIApplicationSupportsIndirectInputEvents = YES;
				INFOPLIST_KEY_UILaunchScreen_Generation = YES;
				INFOPLIST_KEY_UISupportedInterfaceOrientations = UIInterfaceOrientationPortrait;
				INFOPLIST_KEY_UISupportedInterfaceOrientations_iPad = "UIInterfaceOrientationLandscapeLeft UIInterfaceOrientationLandscapeRight UIInterfaceOrientationPortrait UIInterfaceOrientationPortraitUpsideDown";
				LD_RUNPATH_SEARCH_PATHS = (
					"$(inherited)",
					"@executable_path/Frameworks",
				);
				MARKETING_VERSION = 1.0.1;
				PRODUCT_BUNDLE_IDENTIFIER = jp.yuppe.Walkly;
				PRODUCT_NAME = "$(TARGET_NAME)";
				SUPPORTED_PLATFORMS = "iphoneos iphonesimulator";
				SUPPORTS_MACCATALYST = NO;
				SUPPORTS_MAC_DESIGNED_FOR_IPHONE_IPAD = NO;
				SWIFT_EMIT_LOC_STRINGS = YES;
				SWIFT_VERSION = 5.0;
				TARGETED_DEVICE_FAMILY = 1;
			};
			name = Debug;
		};
		5662EDA229015D1800D59992 /* Release */ = {
			isa = XCBuildConfiguration;
			buildSettings = {
				ALWAYS_EMBED_SWIFT_STANDARD_LIBRARIES = YES;
				ASSETCATALOG_COMPILER_APPICON_NAME = AppIcon;
				ASSETCATALOG_COMPILER_GLOBAL_ACCENT_COLOR_NAME = AccentColor;
				CODE_SIGN_ENTITLEMENTS = Walkly/Walkly.entitlements;
				CODE_SIGN_STYLE = Automatic;
				CURRENT_PROJECT_VERSION = 2;
				DEVELOPMENT_ASSET_PATHS = "\"Walkly/Preview Content\"";
				DEVELOPMENT_TEAM = 358F964YVR;
				ENABLE_PREVIEWS = YES;
				GENERATE_INFOPLIST_FILE = YES;
				INFOPLIST_FILE = Walkly/Info.plist;
				INFOPLIST_KEY_LSApplicationCategoryType = "public.app-category.healthcare-fitness";
				INFOPLIST_KEY_NSHealthShareUsageDescription = "This app uses HealthKit to get information related to steps. The acquired information is used only for the purpose of displaying in this application and is not shared with other applications.";
				INFOPLIST_KEY_NSHealthUpdateUsageDescription = "This app shares information related to steps with HealthKit. It is never shared with other apps.";
				INFOPLIST_KEY_UIApplicationSceneManifest_Generation = YES;
				INFOPLIST_KEY_UIApplicationSupportsIndirectInputEvents = YES;
				INFOPLIST_KEY_UILaunchScreen_Generation = YES;
				INFOPLIST_KEY_UISupportedInterfaceOrientations = UIInterfaceOrientationPortrait;
				INFOPLIST_KEY_UISupportedInterfaceOrientations_iPad = "UIInterfaceOrientationLandscapeLeft UIInterfaceOrientationLandscapeRight UIInterfaceOrientationPortrait UIInterfaceOrientationPortraitUpsideDown";
				LD_RUNPATH_SEARCH_PATHS = (
					"$(inherited)",
					"@executable_path/Frameworks",
				);
				MARKETING_VERSION = 1.0.1;
				PRODUCT_BUNDLE_IDENTIFIER = jp.yuppe.Walkly;
				PRODUCT_NAME = "$(TARGET_NAME)";
				SUPPORTED_PLATFORMS = "iphoneos iphonesimulator";
				SUPPORTS_MACCATALYST = NO;
				SUPPORTS_MAC_DESIGNED_FOR_IPHONE_IPAD = NO;
				SWIFT_EMIT_LOC_STRINGS = YES;
				SWIFT_VERSION = 5.0;
				TARGETED_DEVICE_FAMILY = 1;
			};
			name = Release;
		};
/* End XCBuildConfiguration section */

/* Begin XCConfigurationList section */
		5606313029015F3E003EDEEF /* Build configuration list for PBXNativeTarget "WalklyWidgetExtension" */ = {
			isa = XCConfigurationList;
			buildConfigurations = (
				5606312E29015F3E003EDEEF /* Debug */,
				5606312F29015F3E003EDEEF /* Release */,
			);
			defaultConfigurationIsVisible = 0;
			defaultConfigurationName = Release;
		};
		5662ED8D29015D1700D59992 /* Build configuration list for PBXProject "Walkly" */ = {
			isa = XCConfigurationList;
			buildConfigurations = (
				5662ED9E29015D1800D59992 /* Debug */,
				5662ED9F29015D1800D59992 /* Release */,
			);
			defaultConfigurationIsVisible = 0;
			defaultConfigurationName = Release;
		};
		5662EDA029015D1800D59992 /* Build configuration list for PBXNativeTarget "Walkly" */ = {
			isa = XCConfigurationList;
			buildConfigurations = (
				5662EDA129015D1800D59992 /* Debug */,
				5662EDA229015D1800D59992 /* Release */,
			);
			defaultConfigurationIsVisible = 0;
			defaultConfigurationName = Release;
		};
/* End XCConfigurationList section */
	};
	rootObject = 5662ED8A29015D1700D59992 /* Project object */;
}
